
Microsoft Visual Studio Solution File, Format Version 12.00
# Visual Studio Version 16
VisualStudioVersion = 16.0.30104.148
MinimumVisualStudioVersion = 10.0.40219.1
Project("{FAE04EC0-301F-11D3-BF4B-00C04F79EFBC}") = "Whatspam", "Whatspam.csproj", "{30817BD2-1BDF-4506-A933-45F04FCBA54E}"
EndProject
Global
	GlobalSection(SolutionConfigurationPlatforms) = preSolution
		Debug|Any CPU = Debug|Any CPU
		Release|Any CPU = Release|Any CPU
	EndGlobalSection
	GlobalSection(ProjectConfigurationPlatforms) = postSolution
		{30817BD2-1BDF-4506-A933-45F04FCBA54E}.Debug|Any CPU.ActiveCfg = Debug|Any CPU
		{30817BD2-1BDF-4506-A933-45F04FCBA54E}.Debug|Any CPU.Build.0 = Debug|Any CPU
		{30817BD2-1BDF-4506-A933-45F04FCBA54E}.Release|Any CPU.ActiveCfg = Release|Any CPU
		{30817BD2-1BDF-4506-A933-45F04FCBA54E}.Release|Any CPU.Build.0 = Release|Any CPU
	EndGlobalSection
	GlobalSection(SolutionProperties) = preSolution
		HideSolutionNode = FALSE
	EndGlobalSection
	GlobalSection(ExtensibilityGlobals) = postSolution
		SolutionGuid = {50EB9D59-C480-4BBA-88E6-1250A1809E72}
	EndGlobalSection
EndGlobal
